{
  "version": "5",
  "specifiers": {
    "jsr:@std/fs@1.0.0": "1.0.0",
    "jsr:@std/internal@^1.0.10": "1.0.10",
    "jsr:@std/path@1.0.0": "1.0.0",
    "jsr:@std/path@^1.0.2": "1.1.2",
    "npm:@anthropic-ai/claude-code@1.0.86": "1.0.86",
    "npm:@anthropic-ai/claude-code@^1.0.86": "1.0.86"
  },
  "jsr": {
    "@std/fs@1.0.0": {
      "integrity": "d72e4a125af7168d717a2ed1dca77a728b422b0d138fd20579e3fa41a77da943",
      "dependencies": [
        "jsr:@std/path@^1.0.2"
      ]
    },
    "@std/internal@1.0.10": {
      "integrity": "e3be62ce42cab0e177c27698e5d9800122f67b766a0bea6ca4867886cbde8cf7"
    },
    "@std/path@1.0.0": {
      "integrity": "77fcb858b6e38777d1154df0f02245ba0b07e2c40ca3c0eec57c9233188c2d21"
    },
    "@std/path@1.1.2": {
      "integrity": "c0b13b97dfe06546d5e16bf3966b1cadf92e1cc83e56ba5476ad8b498d9e3038",
      "dependencies": [
        "jsr:@std/internal"
      ]
    }
  },
  "npm": {
    "@anthropic-ai/claude-code@1.0.86": {
      "integrity": "sha512-js1h6JUnFJ1dHvFPBiCxwFChaWjh28XOFamrwebmhOIUBVhQZwMfDJYsNfRyv0qEwpxKxYedvK4nv4WqMCwu9Q==",
      "optionalDependencies": [
        "@img/sharp-darwin-arm64",
        "@img/sharp-darwin-x64",
        "@img/sharp-linux-arm",
        "@img/sharp-linux-arm64",
        "@img/sharp-linux-x64",
        "@img/sharp-win32-x64"
      ],
      "bin": true
    },
    "@img/sharp-darwin-arm64@0.33.5": {
      "integrity": "sha512-UT4p+iz/2H4twwAoLCqfA9UH5pI6DggwKEGuaPy7nCVQ8ZsiY5PIcrRvD1DzuY3qYL07NtIQcWnBSY/heikIFQ==",
      "optionalDependencies": [
        "@img/sharp-libvips-darwin-arm64"
      ],
      "os": ["darwin"],
      "cpu": ["arm64"]
    },
    "@img/sharp-darwin-x64@0.33.5": {
      "integrity": "sha512-fyHac4jIc1ANYGRDxtiqelIbdWkIuQaI84Mv45KvGRRxSAa7o7d1ZKAOBaYbnepLC1WqxfpimdeWfvqqSGwR2Q==",
      "optionalDependencies": [
        "@img/sharp-libvips-darwin-x64"
      ],
      "os": ["darwin"],
      "cpu": ["x64"]
    },
    "@img/sharp-libvips-darwin-arm64@1.0.4": {
      "integrity": "sha512-XblONe153h0O2zuFfTAbQYAX2JhYmDHeWikp1LM9Hul9gVPjFY427k6dFEcOL72O01QxQsWi761svJ/ev9xEDg==",
      "os": ["darwin"],
      "cpu": ["arm64"]
    },
    "@img/sharp-libvips-darwin-x64@1.0.4": {
      "integrity": "sha512-xnGR8YuZYfJGmWPvmlunFaWJsb9T/AO2ykoP3Fz/0X5XV2aoYBPkX6xqCQvUTKKiLddarLaxpzNe+b1hjeWHAQ==",
      "os": ["darwin"],
      "cpu": ["x64"]
    },
    "@img/sharp-libvips-linux-arm64@1.0.4": {
      "integrity": "sha512-9B+taZ8DlyyqzZQnoeIvDVR/2F4EbMepXMc/NdVbkzsJbzkUjhXv/70GQJ7tdLA4YJgNP25zukcxpX2/SueNrA==",
      "os": ["linux"],
      "cpu": ["arm64"]
    },
    "@img/sharp-libvips-linux-arm@1.0.5": {
      "integrity": "sha512-gvcC4ACAOPRNATg/ov8/MnbxFDJqf/pDePbBnuBDcjsI8PssmjoKMAz4LtLaVi+OnSb5FK/yIOamqDwGmXW32g==",
      "os": ["linux"],
      "cpu": ["arm"]
    },
    "@img/sharp-libvips-linux-x64@1.0.4": {
      "integrity": "sha512-MmWmQ3iPFZr0Iev+BAgVMb3ZyC4KeFc3jFxnNbEPas60e1cIfevbtuyf9nDGIzOaW9PdnDciJm+wFFaTlj5xYw==",
      "os": ["linux"],
      "cpu": ["x64"]
    },
    "@img/sharp-linux-arm64@0.33.5": {
      "integrity": "sha512-JMVv+AMRyGOHtO1RFBiJy/MBsgz0x4AWrT6QoEVVTyh1E39TrCUpTRI7mx9VksGX4awWASxqCYLCV4wBZHAYxA==",
      "optionalDependencies": [
        "@img/sharp-libvips-linux-arm64"
      ],
      "os": ["linux"],
      "cpu": ["arm64"]
    },
    "@img/sharp-linux-arm@0.33.5": {
      "integrity": "sha512-JTS1eldqZbJxjvKaAkxhZmBqPRGmxgu+qFKSInv8moZ2AmT5Yib3EQ1c6gp493HvrvV8QgdOXdyaIBrhvFhBMQ==",
      "optionalDependencies": [
        "@img/sharp-libvips-linux-arm"
      ],
      "os": ["linux"],
      "cpu": ["arm"]
    },
    "@img/sharp-linux-x64@0.33.5": {
      "integrity": "sha512-opC+Ok5pRNAzuvq1AG0ar+1owsu842/Ab+4qvU879ippJBHvyY5n2mxF1izXqkPYlGuP/M556uh53jRLJmzTWA==",
      "optionalDependencies": [
        "@img/sharp-libvips-linux-x64"
      ],
      "os": ["linux"],
      "cpu": ["x64"]
    },
    "@img/sharp-win32-x64@0.33.5": {
      "integrity": "sha512-MpY/o8/8kj+EcnxwvrP4aTJSWw/aZ7JIGR4aBeZkZw5B7/Jn+tY9/VNwtcoGmdT7GfggGIU4kygOMSbYnOrAbg==",
      "os": ["win32"],
      "cpu": ["x64"]
    }
  },
  "remote": {
    "https://deno.land/std@0.224.0/assert/assert_exists.ts": "43420cf7f956748ae6ed1230646567b3593cb7a36c5a5327269279c870c5ddfd",
    "https://deno.land/std@0.224.0/assert/assertion_error.ts": "ba8752bd27ebc51f723702fac2f54d3e94447598f54264a6653d6413738a8917",
    "https://deno.land/std@0.224.0/flags/mod.ts": "88553267f34519c8982212185339efdb2d2e62c159ec558f47eb50c8952a6be3"
  },
  "workspace": {
    "dependencies": [
      "jsr:@std/assert@1",
      "jsr:@std/async@1.0.0",
      "jsr:@std/datetime@0.224.0",
      "jsr:@std/flags@0.224.0",
      "jsr:@std/fs@1.0.0",
      "jsr:@std/path@1.0.0",
      "npm:@anthropic-ai/claude-code@^1.0.86"
    ]
  }
}
